// !$*UTF8*$!
{
	archiveVersion = 1;
	classes = {
	};
	objectVersion = 46;
	objects = {

/* Begin PBXBuildFile section */
		0404BBF31F050629005011B2 /* TransparentUITextField.swift in Sources */ = {isa = PBXBuildFile; fileRef = 0404BBF21F050629005011B2 /* TransparentUITextField.swift */; };
		04E4E1A61F0294BF0059C509 /* GoogleService-Info.plist in Resources */ = {isa = PBXBuildFile; fileRef = 04E4E1A51F0294BF0059C509 /* GoogleService-Info.plist */; };
		04E5A3D11F05F3EA00E817DE /* UIButton+extension.swift in Sources */ = {isa = PBXBuildFile; fileRef = 04E5A3D01F05F3EA00E817DE /* UIButton+extension.swift */; };
		04EFB7621EE97A5F00C7FA34 /* AppDelegate.swift in Sources */ = {isa = PBXBuildFile; fileRef = 04EFB7611EE97A5F00C7FA34 /* AppDelegate.swift */; };
		04EFB7671EE97A5F00C7FA34 /* Main.storyboard in Resources */ = {isa = PBXBuildFile; fileRef = 04EFB7651EE97A5F00C7FA34 /* Main.storyboard */; };
		04EFB7691EE97A5F00C7FA34 /* Assets.xcassets in Resources */ = {isa = PBXBuildFile; fileRef = 04EFB7681EE97A5F00C7FA34 /* Assets.xcassets */; };
		04EFB76C1EE97A5F00C7FA34 /* LaunchScreen.storyboard in Resources */ = {isa = PBXBuildFile; fileRef = 04EFB76A1EE97A5F00C7FA34 /* LaunchScreen.storyboard */; };
		04F911261EF036FC00B56513 /* MainControllerViewController.swift in Sources */ = {isa = PBXBuildFile; fileRef = 04F911251EF036FC00B56513 /* MainControllerViewController.swift */; };
		3B3E836C1EE98E20000A4FCB /* LoginViewController.swift in Sources */ = {isa = PBXBuildFile; fileRef = 3B3E836B1EE98E20000A4FCB /* LoginViewController.swift */; };
		3B3E836E1EE98E91000A4FCB /* RegisterViewController.swift in Sources */ = {isa = PBXBuildFile; fileRef = 3B3E836D1EE98E91000A4FCB /* RegisterViewController.swift */; };
		EA1A375D1F0B8BFD00278DA3 /* ProductsViewController.swift in Sources */ = {isa = PBXBuildFile; fileRef = EA1A375C1F0B8BFD00278DA3 /* ProductsViewController.swift */; };
		F3F2F9D19AB51D6ADA467073 /* Pods_LoveParadise.framework in Frameworks */ = {isa = PBXBuildFile; fileRef = 4AFF837DF614CF42F237985B /* Pods_LoveParadise.framework */; };
/* End PBXBuildFile section */

/* Begin PBXFileReference section */
		0404BBF21F050629005011B2 /* TransparentUITextField.swift */ = {isa = PBXFileReference; fileEncoding = 4; lastKnownFileType = sourcecode.swift; path = TransparentUITextField.swift; sourceTree = "<group>"; };
		04E4E1A51F0294BF0059C509 /* GoogleService-Info.plist */ = {isa = PBXFileReference; fileEncoding = 4; lastKnownFileType = text.plist.xml; path = "GoogleService-Info.plist"; sourceTree = "<group>"; };
		04E5A3D01F05F3EA00E817DE /* UIButton+extension.swift */ = {isa = PBXFileReference; fileEncoding = 4; lastKnownFileType = sourcecode.swift; path = "UIButton+extension.swift"; sourceTree = "<group>"; };
		04EFB75E1EE97A5F00C7FA34 /* LoveParadise.app */ = {isa = PBXFileReference; explicitFileType = wrapper.application; includeInIndex = 0; path = LoveParadise.app; sourceTree = BUILT_PRODUCTS_DIR; };
		04EFB7611EE97A5F00C7FA34 /* AppDelegate.swift */ = {isa = PBXFileReference; lastKnownFileType = sourcecode.swift; path = AppDelegate.swift; sourceTree = "<group>"; };
		04EFB7661EE97A5F00C7FA34 /* Base */ = {isa = PBXFileReference; lastKnownFileType = file.storyboard; name = Base; path = Base.lproj/Main.storyboard; sourceTree = "<group>"; };
		04EFB7681EE97A5F00C7FA34 /* Assets.xcassets */ = {isa = PBXFileReference; lastKnownFileType = folder.assetcatalog; path = Assets.xcassets; sourceTree = "<group>"; };
		04EFB76B1EE97A5F00C7FA34 /* Base */ = {isa = PBXFileReference; lastKnownFileType = file.storyboard; name = Base; path = Base.lproj/LaunchScreen.storyboard; sourceTree = "<group>"; };
		04EFB76D1EE97A5F00C7FA34 /* Info.plist */ = {isa = PBXFileReference; lastKnownFileType = text.plist.xml; path = Info.plist; sourceTree = "<group>"; };
		04F911251EF036FC00B56513 /* MainControllerViewController.swift */ = {isa = PBXFileReference; fileEncoding = 4; lastKnownFileType = sourcecode.swift; path = MainControllerViewController.swift; sourceTree = "<group>"; };
		3B3E836B1EE98E20000A4FCB /* LoginViewController.swift */ = {isa = PBXFileReference; fileEncoding = 4; lastKnownFileType = sourcecode.swift; path = LoginViewController.swift; sourceTree = "<group>"; };
		3B3E836D1EE98E91000A4FCB /* RegisterViewController.swift */ = {isa = PBXFileReference; fileEncoding = 4; lastKnownFileType = sourcecode.swift; path = RegisterViewController.swift; sourceTree = "<group>"; };
		4AFF837DF614CF42F237985B /* Pods_LoveParadise.framework */ = {isa = PBXFileReference; explicitFileType = wrapper.framework; includeInIndex = 0; path = Pods_LoveParadise.framework; sourceTree = BUILT_PRODUCTS_DIR; };
		CA625CE83AE49AC75A9C561A /* Pods-LoveParadise.debug.xcconfig */ = {isa = PBXFileReference; includeInIndex = 1; lastKnownFileType = text.xcconfig; name = "Pods-LoveParadise.debug.xcconfig"; path = "Pods/Target Support Files/Pods-LoveParadise/Pods-LoveParadise.debug.xcconfig"; sourceTree = "<group>"; };
		D7C53BC31C26254C1A866C85 /* Pods-LoveParadise.release.xcconfig */ = {isa = PBXFileReference; includeInIndex = 1; lastKnownFileType = text.xcconfig; name = "Pods-LoveParadise.release.xcconfig"; path = "Pods/Target Support Files/Pods-LoveParadise/Pods-LoveParadise.release.xcconfig"; sourceTree = "<group>"; };
		EA1A375C1F0B8BFD00278DA3 /* ProductsViewController.swift */ = {isa = PBXFileReference; fileEncoding = 4; lastKnownFileType = sourcecode.swift; path = ProductsViewController.swift; sourceTree = "<group>"; };
/* End PBXFileReference section */

/* Begin PBXFrameworksBuildPhase section */
		04EFB75B1EE97A5F00C7FA34 /* Frameworks */ = {
			isa = PBXFrameworksBuildPhase;
			buildActionMask = 2147483647;
			files = (
				F3F2F9D19AB51D6ADA467073 /* Pods_LoveParadise.framework in Frameworks */,
			);
			runOnlyForDeploymentPostprocessing = 0;
		};
/* End PBXFrameworksBuildPhase section */

/* Begin PBXGroup section */
		03CE56A3410619D508F55458 /* Frameworks */ = {
			isa = PBXGroup;
			children = (
				4AFF837DF614CF42F237985B /* Pods_LoveParadise.framework */,
			);
			name = Frameworks;
			sourceTree = "<group>";
		};
		0404BBF11F0505E1005011B2 /* Common */ = {
			isa = PBXGroup;
			children = (
				0404BBF21F050629005011B2 /* TransparentUITextField.swift */,
				04E5A3D01F05F3EA00E817DE /* UIButton+extension.swift */,
			);
			name = Common;
			sourceTree = "<group>";
		};
		04EFB7551EE97A5F00C7FA34 = {
			isa = PBXGroup;
			children = (
				04EFB7601EE97A5F00C7FA34 /* LoveParadise */,
				04EFB75F1EE97A5F00C7FA34 /* Products */,
				F90CE3E94C6E390973CE66B2 /* Pods */,
				03CE56A3410619D508F55458 /* Frameworks */,
			);
			sourceTree = "<group>";
		};
		04EFB75F1EE97A5F00C7FA34 /* Products */ = {
			isa = PBXGroup;
			children = (
				04EFB75E1EE97A5F00C7FA34 /* LoveParadise.app */,
			);
			name = Products;
			sourceTree = "<group>";
		};
		04EFB7601EE97A5F00C7FA34 /* LoveParadise */ = {
			isa = PBXGroup;
			children = (
				0404BBF11F0505E1005011B2 /* Common */,
				04EFB7611EE97A5F00C7FA34 /* AppDelegate.swift */,
				04EFB7651EE97A5F00C7FA34 /* Main.storyboard */,
				04EFB7681EE97A5F00C7FA34 /* Assets.xcassets */,
				04EFB76A1EE97A5F00C7FA34 /* LaunchScreen.storyboard */,
				04E4E1A51F0294BF0059C509 /* GoogleService-Info.plist */,
				04EFB76D1EE97A5F00C7FA34 /* Info.plist */,
				3B3E836B1EE98E20000A4FCB /* LoginViewController.swift */,
				3B3E836D1EE98E91000A4FCB /* RegisterViewController.swift */,
				04F911251EF036FC00B56513 /* MainControllerViewController.swift */,
				EA1A375C1F0B8BFD00278DA3 /* ProductsViewController.swift */,
			);
			path = LoveParadise;
			sourceTree = "<group>";
		};
		F90CE3E94C6E390973CE66B2 /* Pods */ = {
			isa = PBXGroup;
			children = (
				CA625CE83AE49AC75A9C561A /* Pods-LoveParadise.debug.xcconfig */,
				D7C53BC31C26254C1A866C85 /* Pods-LoveParadise.release.xcconfig */,
			);
			name = Pods;
			sourceTree = "<group>";
		};
/* End PBXGroup section */

/* Begin PBXNativeTarget section */
		04EFB75D1EE97A5F00C7FA34 /* LoveParadise */ = {
			isa = PBXNativeTarget;
			buildConfigurationList = 04EFB7701EE97A5F00C7FA34 /* Build configuration list for PBXNativeTarget "LoveParadise" */;
			buildPhases = (
				99D6580357921503168234D6 /* [CP] Check Pods Manifest.lock */,
				04EFB75A1EE97A5F00C7FA34 /* Sources */,
				04EFB75B1EE97A5F00C7FA34 /* Frameworks */,
				04EFB75C1EE97A5F00C7FA34 /* Resources */,
				D0DE0F4B15A4469F93EF2C7D /* [CP] Embed Pods Frameworks */,
				455454C77A2D418A1BA521D6 /* [CP] Copy Pods Resources */,
			);
			buildRules = (
			);
			dependencies = (
			);
			name = LoveParadise;
			productName = LoveParadise;
			productReference = 04EFB75E1EE97A5F00C7FA34 /* LoveParadise.app */;
			productType = "com.apple.product-type.application";
		};
/* End PBXNativeTarget section */

/* Begin PBXProject section */
		04EFB7561EE97A5F00C7FA34 /* Project object */ = {
			isa = PBXProject;
			attributes = {
				LastSwiftUpdateCheck = 0830;
				LastUpgradeCheck = 0830;
				ORGANIZATIONNAME = DHT;
				TargetAttributes = {
					04EFB75D1EE97A5F00C7FA34 = {
						CreatedOnToolsVersion = 8.3.2;
						DevelopmentTeam = M2RA99FCAZ;
						ProvisioningStyle = Automatic;
					};
				};
			};
			buildConfigurationList = 04EFB7591EE97A5F00C7FA34 /* Build configuration list for PBXProject "LoveParadise" */;
			compatibilityVersion = "Xcode 3.2";
			developmentRegion = English;
			hasScannedForEncodings = 0;
			knownRegions = (
				en,
				Base,
			);
			mainGroup = 04EFB7551EE97A5F00C7FA34;
			productRefGroup = 04EFB75F1EE97A5F00C7FA34 /* Products */;
			projectDirPath = "";
			projectRoot = "";
			targets = (
				04EFB75D1EE97A5F00C7FA34 /* LoveParadise */,
			);
		};
/* End PBXProject section */

/* Begin PBXResourcesBuildPhase section */
		04EFB75C1EE97A5F00C7FA34 /* Resources */ = {
			isa = PBXResourcesBuildPhase;
			buildActionMask = 2147483647;
			files = (
				04EFB76C1EE97A5F00C7FA34 /* LaunchScreen.storyboard in Resources */,
				04E4E1A61F0294BF0059C509 /* GoogleService-Info.plist in Resources */,
				04EFB7691EE97A5F00C7FA34 /* Assets.xcassets in Resources */,
				04EFB7671EE97A5F00C7FA34 /* Main.storyboard in Resources */,
			);
			runOnlyForDeploymentPostprocessing = 0;
		};
/* End PBXResourcesBuildPhase section */

/* Begin PBXShellScriptBuildPhase section */
		455454C77A2D418A1BA521D6 /* [CP] Copy Pods Resources */ = {
			isa = PBXShellScriptBuildPhase;
			buildActionMask = 2147483647;
			files = (
			);
			inputPaths = (
			);
			name = "[CP] Copy Pods Resources";
			outputPaths = (
			);
			runOnlyForDeploymentPostprocessing = 0;
			shellPath = /bin/sh;
			shellScript = "\"${SRCROOT}/Pods/Target Support Files/Pods-LoveParadise/Pods-LoveParadise-resources.sh\"\n";
			showEnvVarsInLog = 0;
		};
		99D6580357921503168234D6 /* [CP] Check Pods Manifest.lock */ = {
			isa = PBXShellScriptBuildPhase;
			buildActionMask = 2147483647;
			files = (
			);
			inputPaths = (
			);
			name = "[CP] Check Pods Manifest.lock";
			outputPaths = (
			);
			runOnlyForDeploymentPostprocessing = 0;
			shellPath = /bin/sh;
			shellScript = "diff \"${PODS_PODFILE_DIR_PATH}/Podfile.lock\" \"${PODS_ROOT}/Manifest.lock\" > /dev/null\nif [ $? != 0 ] ; then\n    # print error to STDERR\n    echo \"error: The sandbox is not in sync with the Podfile.lock. Run 'pod install' or update your CocoaPods installation.\" >&2\n    exit 1\nfi\n";
			showEnvVarsInLog = 0;
		};
		D0DE0F4B15A4469F93EF2C7D /* [CP] Embed Pods Frameworks */ = {
			isa = PBXShellScriptBuildPhase;
			buildActionMask = 2147483647;
			files = (
			);
			inputPaths = (
			);
			name = "[CP] Embed Pods Frameworks";
			outputPaths = (
			);
			runOnlyForDeploymentPostprocessing = 0;
			shellPath = /bin/sh;
			shellScript = "\"${SRCROOT}/Pods/Target Support Files/Pods-LoveParadise/Pods-LoveParadise-frameworks.sh\"\n";
			showEnvVarsInLog = 0;
		};
/* End PBXShellScriptBuildPhase section */

/* Begin PBXSourcesBuildPhase section */
		04EFB75A1EE97A5F00C7FA34 /* Sources */ = {
			isa = PBXSourcesBuildPhase;
			buildActionMask = 2147483647;
			files = (
				3B3E836E1EE98E91000A4FCB /* RegisterViewController.swift in Sources */,
				04E5A3D11F05F3EA00E817DE /* UIButton+extension.swift in Sources */,
				EA1A375D1F0B8BFD00278DA3 /* ProductsViewController.swift in Sources */,
				04F911261EF036FC00B56513 /* MainControllerViewController.swift in Sources */,
				3B3E836C1EE98E20000A4FCB /* LoginViewController.swift in Sources */,
				0404BBF31F050629005011B2 /* TransparentUITextField.swift in Sources */,
				04EFB7621EE97A5F00C7FA34 /* AppDelegate.swift in Sources */,
			);
			runOnlyForDeploymentPostprocessing = 0;
		};
/* End PBXSourcesBuildPhase section */

/* Begin PBXVariantGroup section */
		04EFB7651EE97A5F00C7FA34 /* Main.storyboard */ = {
			isa = PBXVariantGroup;
			children = (
				04EFB7661EE97A5F00C7FA34 /* Base */,
			);
			name = Main.storyboard;
			sourceTree = "<group>";
		};
		04EFB76A1EE97A5F00C7FA34 /* LaunchScreen.storyboard */ = {
			isa = PBXVariantGroup;
			children = (
				04EFB76B1EE97A5F00C7FA34 /* Base */,
			);
			name = LaunchScreen.storyboard;
			sourceTree = "<group>";
		};
/* End PBXVariantGroup section */

/* Begin XCBuildConfiguration section */
		04EFB76E1EE97A5F00C7FA34 /* Debug */ = {
			isa = XCBuildConfiguration;
			buildSettings = {
				ALWAYS_SEARCH_USER_PATHS = NO;
				CLANG_ANALYZER_NONNULL = YES;
				CLANG_ANALYZER_NUMBER_OBJECT_CONVERSION = YES_AGGRESSIVE;
				CLANG_CXX_LANGUAGE_STANDARD = "gnu++0x";
				CLANG_CXX_LIBRARY = "libc++";
				CLANG_ENABLE_MODULES = YES;
				CLANG_ENABLE_OBJC_ARC = YES;
				CLANG_WARN_BOOL_CONVERSION = YES;
				CLANG_WARN_CONSTANT_CONVERSION = YES;
				CLANG_WARN_DIRECT_OBJC_ISA_USAGE = YES_ERROR;
				CLANG_WARN_DOCUMENTATION_COMMENTS = YES;
				CLANG_WARN_EMPTY_BODY = YES;
				CLANG_WARN_ENUM_CONVERSION = YES;
				CLANG_WARN_INFINITE_RECURSION = YES;
				CLANG_WARN_INT_CONVERSION = YES;
				CLANG_WARN_OBJC_ROOT_CLASS = YES_ERROR;
				CLANG_WARN_SUSPICIOUS_MOVE = YES;
				CLANG_WARN_UNREACHABLE_CODE = YES;
				CLANG_WARN__DUPLICATE_METHOD_MATCH = YES;
				"CODE_SIGN_IDENTITY[sdk=iphoneos*]" = "iPhone Developer";
				COPY_PHASE_STRIP = NO;
				DEBUG_INFORMATION_FORMAT = dwarf;
				ENABLE_STRICT_OBJC_MSGSEND = YES;
				ENABLE_TESTABILITY = YES;
				GCC_C_LANGUAGE_STANDARD = gnu99;
				GCC_DYNAMIC_NO_PIC = NO;
				GCC_NO_COMMON_BLOCKS = YES;
				GCC_OPTIMIZATION_LEVEL = 0;
				GCC_PREPROCESSOR_DEFINITIONS = (
					"DEBUG=1",
					"$(inherited)",
				);
				GCC_WARN_64_TO_32_BIT_CONVERSION = YES;
				GCC_WARN_ABOUT_RETURN_TYPE = YES_ERROR;
				GCC_WARN_UNDECLARED_SELECTOR = YES;
				GCC_WARN_UNINITIALIZED_AUTOS = YES_AGGRESSIVE;
				GCC_WARN_UNUSED_FUNCTION = YES;
				GCC_WARN_UNUSED_VARIABLE = YES;
				IPHONEOS_DEPLOYMENT_TARGET = 10.3;
				MTL_ENABLE_DEBUG_INFO = YES;
				ONLY_ACTIVE_ARCH = YES;
				SDKROOT = iphoneos;
				SWIFT_ACTIVE_COMPILATION_CONDITIONS = DEBUG;
				SWIFT_OPTIMIZATION_LEVEL = "-Onone";
				TARGETED_DEVICE_FAMILY = "1,2";
			};
			name = Debug;
		};
		04EFB76F1EE97A5F00C7FA34 /* Release */ = {
			isa = XCBuildConfiguration;
			buildSettings = {
				ALWAYS_SEARCH_USER_PATHS = NO;
				CLANG_ANALYZER_NONNULL = YES;
				CLANG_ANALYZER_NUMBER_OBJECT_CONVERSION = YES_AGGRESSIVE;
				CLANG_CXX_LANGUAGE_STANDARD = "gnu++0x";
				CLANG_CXX_LIBRARY = "libc++";
				CLANG_ENABLE_MODULES = YES;
				CLANG_ENABLE_OBJC_ARC = YES;
				CLANG_WARN_BOOL_CONVERSION = YES;
				CLANG_WARN_CONSTANT_CONVERSION = YES;
				CLANG_WARN_DIRECT_OBJC_ISA_USAGE = YES_ERROR;
				CLANG_WARN_DOCUMENTATION_COMMENTS = YES;
				CLANG_WARN_EMPTY_BODY = YES;
				CLANG_WARN_ENUM_CONVERSION = YES;
				CLANG_WARN_INFINITE_RECURSION = YES;
				CLANG_WARN_INT_CONVERSION = YES;
				CLANG_WARN_OBJC_ROOT_CLASS = YES_ERROR;
				CLANG_WARN_SUSPICIOUS_MOVE = YES;
				CLANG_WARN_UNREACHABLE_CODE = YES;
				CLANG_WARN__DUPLICATE_METHOD_MATCH = YES;
				"CODE_SIGN_IDENTITY[sdk=iphoneos*]" = "iPhone Developer";
				COPY_PHASE_STRIP = NO;
				DEBUG_INFORMATION_FORMAT = "dwarf-with-dsym";
				ENABLE_NS_ASSERTIONS = NO;
				ENABLE_STRICT_OBJC_MSGSEND = YES;
				GCC_C_LANGUAGE_STANDARD = gnu99;
				GCC_NO_COMMON_BLOCKS = YES;
				GCC_WARN_64_TO_32_BIT_CONVERSION = YES;
				GCC_WARN_ABOUT_RETURN_TYPE = YES_ERROR;
				GCC_WARN_UNDECLARED_SELECTOR = YES;
				GCC_WARN_UNINITIALIZED_AUTOS = YES_AGGRESSIVE;
				GCC_WARN_UNUSED_FUNCTION = YES;
				GCC_WARN_UNUSED_VARIABLE = YES;
				IPHONEOS_DEPLOYMENT_TARGET = 10.3;
				MTL_ENABLE_DEBUG_INFO = NO;
				SDKROOT = iphoneos;
				SWIFT_OPTIMIZATION_LEVEL = "-Owholemodule";
				TARGETED_DEVICE_FAMILY = "1,2";
				VALIDATE_PRODUCT = YES;
			};
			name = Release;
		};
		04EFB7711EE97A5F00C7FA34 /* Debug */ = {
			isa = XCBuildConfiguration;
			baseConfigurationReference = CA625CE83AE49AC75A9C561A /* Pods-LoveParadise.debug.xcconfig */;
			buildSettings = {
				ASSETCATALOG_COMPILER_APPICON_NAME = AppIcon;
				DEVELOPMENT_TEAM = M2RA99FCAZ;
				INFOPLIST_FILE = LoveParadise/Info.plist;
				IPHONEOS_DEPLOYMENT_TARGET = 9.0;
				LD_RUNPATH_SEARCH_PATHS = "$(inherited) @executable_path/Frameworks";
				PRODUCT_BUNDLE_IDENTIFIER = com.dht.LoveParadise;
				PRODUCT_NAME = "$(TARGET_NAME)";
				SWIFT_VERSION = 3.0;
			};
			name = Debug;
		};
		04EFB7721EE97A5F00C7FA34 /* Release */ = {
			isa = XCBuildConfiguration;
			baseConfigurationReference = D7C53BC31C26254C1A866C85 /* Pods-LoveParadise.release.xcconfig */;
			buildSettings = {
				ASSETCATALOG_COMPILER_APPICON_NAME = AppIcon;
				DEVELOPMENT_TEAM = M2RA99FCAZ;
				INFOPLIST_FILE = LoveParadise/Info.plist;
				IPHONEOS_DEPLOYMENT_TARGET = 9.0;
				LD_RUNPATH_SEARCH_PATHS = "$(inherited) @executable_path/Frameworks";
				PRODUCT_BUNDLE_IDENTIFIER = com.dht.LoveParadise;
				PRODUCT_NAME = "$(TARGET_NAME)";
				SWIFT_VERSION = 3.0;
			};
			name = Release;
		};
/* End XCBuildConfiguration section */

/* Begin XCConfigurationList section */
		04EFB7591EE97A5F00C7FA34 /* Build configuration list for PBXProject "LoveParadise" */ = {
			isa = XCConfigurationList;
			buildConfigurations = (
				04EFB76E1EE97A5F00C7FA34 /* Debug */,
				04EFB76F1EE97A5F00C7FA34 /* Release */,
			);
			defaultConfigurationIsVisible = 0;
			defaultConfigurationName = Release;
		};
		04EFB7701EE97A5F00C7FA34 /* Build configuration list for PBXNativeTarget "LoveParadise" */ = {
			isa = XCConfigurationList;
			buildConfigurations = (
				04EFB7711EE97A5F00C7FA34 /* Debug */,
				04EFB7721EE97A5F00C7FA34 /* Release */,
			);
			defaultConfigurationIsVisible = 0;
			defaultConfigurationName = Release;
		};
/* End XCConfigurationList section */
	};
	rootObject = 04EFB7561EE97A5F00C7FA34 /* Project object */;
}
